
Microsoft Visual Studio Solution File, Format Version 12.00
# Visual Studio 15
VisualStudioVersion = 15.0.27703.2042
MinimumVisualStudioVersion = 10.0.40219.1
Project("{FAE04EC0-301F-11D3-BF4B-00C04F79EFBC}") = "Ouderbijdrage", "Ouderbijdrage\Ouderbijdrage.csproj", "{1CA21DDD-73C3-4CCF-9348-A4C1E8A97702}"
EndProject
Global
	GlobalSection(SolutionConfigurationPlatforms) = preSolution
		Debug|Any CPU = Debug|Any CPU
		Release|Any CPU = Release|Any CPU
	EndGlobalSection
	GlobalSection(ProjectConfigurationPlatforms) = postSolution
		{1CA21DDD-73C3-4CCF-9348-A4C1E8A97702}.Debug|Any CPU.ActiveCfg = Debug|Any CPU
		{1CA21DDD-73C3-4CCF-9348-A4C1E8A97702}.Debug|Any CPU.Build.0 = Debug|Any CPU
		{1CA21DDD-73C3-4CCF-9348-A4C1E8A97702}.Release|Any CPU.ActiveCfg = Release|Any CPU
		{1CA21DDD-73C3-4CCF-9348-A4C1E8A97702}.Release|Any CPU.Build.0 = Release|Any CPU
	EndGlobalSection
	GlobalSection(SolutionProperties) = preSolution
		HideSolutionNode = FALSE
	EndGlobalSection
	GlobalSection(ExtensibilityGlobals) = postSolution
		SolutionGuid = {D2971B7F-A3B4-45CA-BCE2-AD9A5A22D3C3}
	EndGlobalSection
EndGlobal
